
Microsoft Visual Studio Solution File, Format Version 12.00
# Visual Studio Version 17
VisualStudioVersion = 17.4.33103.184
MinimumVisualStudioVersion = 10.0.40219.1
Project("{9A19103F-16F7-4668-BE54-9A1E7A4F7556}") = "InterpolatedStringHandlerShowcase", "InterpolatedStringHandlerShowcase\InterpolatedStringHandlerShowcase.csproj", "{5E337D65-381C-4EBD-82AA-44737BB6907B}"
EndProject
Project("{FAE04EC0-301F-11D3-BF4B-00C04F79EFBC}") = "CallerArgumentExpressionExample", "CallerArgumentExpressionExample\CallerArgumentExpressionExample.csproj", "{EBEF599A-B300-4860-9082-BB57EBDE103C}"
EndProject
Project("{FAE04EC0-301F-11D3-BF4B-00C04F79EFBC}") = "LoggingBestPractices.Api", "LoggingBestPractices.Api\LoggingBestPractices.Api.csproj", "{39AAA6DA-DB93-4FB2-8D6A-2C1C22CEEEBA}"
EndProject
Project("{FAE04EC0-301F-11D3-BF4B-00C04F79EFBC}") = "LoggingBestPractices.Benchmarks", "LoggingBestPractices.Benchmarks\LoggingBestPractices.Benchmarks.csproj", "{50123653-6CCE-405D-8657-8FCD3F13A4EF}"
EndProject
Global
	GlobalSection(SolutionConfigurationPlatforms) = preSolution
		Debug|Any CPU = Debug|Any CPU
		Release|Any CPU = Release|Any CPU
	EndGlobalSection
	GlobalSection(ProjectConfigurationPlatforms) = postSolution
		{5E337D65-381C-4EBD-82AA-44737BB6907B}.Debug|Any CPU.ActiveCfg = Debug|Any CPU
		{5E337D65-381C-4EBD-82AA-44737BB6907B}.Debug|Any CPU.Build.0 = Debug|Any CPU
		{5E337D65-381C-4EBD-82AA-44737BB6907B}.Release|Any CPU.ActiveCfg = Release|Any CPU
		{5E337D65-381C-4EBD-82AA-44737BB6907B}.Release|Any CPU.Build.0 = Release|Any CPU
		{EBEF599A-B300-4860-9082-BB57EBDE103C}.Debug|Any CPU.ActiveCfg = Debug|Any CPU
		{EBEF599A-B300-4860-9082-BB57EBDE103C}.Debug|Any CPU.Build.0 = Debug|Any CPU
		{EBEF599A-B300-4860-9082-BB57EBDE103C}.Release|Any CPU.ActiveCfg = Release|Any CPU
		{EBEF599A-B300-4860-9082-BB57EBDE103C}.Release|Any CPU.Build.0 = Release|Any CPU
		{39AAA6DA-DB93-4FB2-8D6A-2C1C22CEEEBA}.Debug|Any CPU.ActiveCfg = Debug|Any CPU
		{39AAA6DA-DB93-4FB2-8D6A-2C1C22CEEEBA}.Debug|Any CPU.Build.0 = Debug|Any CPU
		{39AAA6DA-DB93-4FB2-8D6A-2C1C22CEEEBA}.Release|Any CPU.ActiveCfg = Release|Any CPU
		{39AAA6DA-DB93-4FB2-8D6A-2C1C22CEEEBA}.Release|Any CPU.Build.0 = Release|Any CPU
		{50123653-6CCE-405D-8657-8FCD3F13A4EF}.Debug|Any CPU.ActiveCfg = Debug|Any CPU
		{50123653-6CCE-405D-8657-8FCD3F13A4EF}.Debug|Any CPU.Build.0 = Debug|Any CPU
		{50123653-6CCE-405D-8657-8FCD3F13A4EF}.Release|Any CPU.ActiveCfg = Release|Any CPU
		{50123653-6CCE-405D-8657-8FCD3F13A4EF}.Release|Any CPU.Build.0 = Release|Any CPU
	EndGlobalSection
	GlobalSection(SolutionProperties) = preSolution
		HideSolutionNode = FALSE
	EndGlobalSection
	GlobalSection(ExtensibilityGlobals) = postSolution
		SolutionGuid = {C22F55D6-C643-4ED7-A973-016AE5B1EC10}
	EndGlobalSection
EndGlobal
