
Microsoft Visual Studio Solution File, Format Version 12.00
Project("{FAE04EC0-301F-11D3-BF4B-00C04F79EFBC}") = "NullGuarding", "NullGuarding\NullGuarding.csproj", "{C71FAB75-CE47-4A4E-A00E-1AA66D64C163}"
EndProject
Global
	GlobalSection(SolutionConfigurationPlatforms) = preSolution
		Debug|Any CPU = Debug|Any CPU
		Release|Any CPU = Release|Any CPU
	EndGlobalSection
	GlobalSection(ProjectConfigurationPlatforms) = postSolution
		{C71FAB75-CE47-4A4E-A00E-1AA66D64C163}.Debug|Any CPU.ActiveCfg = Debug|Any CPU
		{C71FAB75-CE47-4A4E-A00E-1AA66D64C163}.Debug|Any CPU.Build.0 = Debug|Any CPU
		{C71FAB75-CE47-4A4E-A00E-1AA66D64C163}.Release|Any CPU.ActiveCfg = Release|Any CPU
		{C71FAB75-CE47-4A4E-A00E-1AA66D64C163}.Release|Any CPU.Build.0 = Release|Any CPU
	EndGlobalSection
EndGlobal
