
Microsoft Visual Studio Solution File, Format Version 12.00
# Visual Studio Version 17
VisualStudioVersion = 17.4.33103.184
MinimumVisualStudioVersion = 10.0.40219.1
Project("{FAE04EC0-301F-11D3-BF4B-00C04F79EFBC}") = "HashSetVsDictionary", "HashSetVsDictionary\HashSetVsDictionary.csproj", "{C9F24D78-7C7E-4059-88B8-8FD70B7ED047}"
EndProject
Global
	GlobalSection(SolutionConfigurationPlatforms) = preSolution
		Debug|Any CPU = Debug|Any CPU
		Release|Any CPU = Release|Any CPU
	EndGlobalSection
	GlobalSection(ProjectConfigurationPlatforms) = postSolution
		{C9F24D78-7C7E-4059-88B8-8FD70B7ED047}.Debug|Any CPU.ActiveCfg = Debug|Any CPU
		{C9F24D78-7C7E-4059-88B8-8FD70B7ED047}.Debug|Any CPU.Build.0 = Debug|Any CPU
		{C9F24D78-7C7E-4059-88B8-8FD70B7ED047}.Release|Any CPU.ActiveCfg = Release|Any CPU
		{C9F24D78-7C7E-4059-88B8-8FD70B7ED047}.Release|Any CPU.Build.0 = Release|Any CPU
	EndGlobalSection
	GlobalSection(SolutionProperties) = preSolution
		HideSolutionNode = FALSE
	EndGlobalSection
	GlobalSection(ExtensibilityGlobals) = postSolution
		SolutionGuid = {84C0B5E5-0BF7-43C6-A84F-FD2AD686A5D6}
	EndGlobalSection
EndGlobal
